// !$*UTF8*$!
{
	archiveVersion = 1;
	classes = {
	};
	objectVersion = 46;
	objects = {

/* Begin PBXBuildFile section */
		2C2ACA8C1D191D0900320086 /* main.m in Sources */ = {isa = PBXBuildFile; fileRef = 2C2ACA8B1D191D0900320086 /* main.m */; };
		2C2ACA8F1D191D0900320086 /* AppDelegate.m in Sources */ = {isa = PBXBuildFile; fileRef = 2C2ACA8E1D191D0900320086 /* AppDelegate.m */; };
		2C2ACA971D191D0900320086 /* Assets.xcassets in Resources */ = {isa = PBXBuildFile; fileRef = 2C2ACA961D191D0900320086 /* Assets.xcassets */; };
		2C2ACA9A1D191D0900320086 /* LaunchScreen.storyboard in Resources */ = {isa = PBXBuildFile; fileRef = 2C2ACA981D191D0900320086 /* LaunchScreen.storyboard */; };
		2C2ACAA51D191D0900320086 /* BaseAppStructTests.m in Sources */ = {isa = PBXBuildFile; fileRef = 2C2ACAA41D191D0900320086 /* BaseAppStructTests.m */; };
		2C2ACAB01D191D0900320086 /* BaseAppStructUITests.m in Sources */ = {isa = PBXBuildFile; fileRef = 2C2ACAAF1D191D0900320086 /* BaseAppStructUITests.m */; };
		2C2ACACD1D19387500320086 /* BaseNetworkAPI.m in Sources */ = {isa = PBXBuildFile; fileRef = 2C2ACACC1D19387500320086 /* BaseNetworkAPI.m */; };
		2C2ACAD21D193D2000320086 /* NSObject+Common.m in Sources */ = {isa = PBXBuildFile; fileRef = 2C2ACAD11D193D2000320086 /* NSObject+Common.m */; };
		2C2ACAD81D194ED100320086 /* MainViewController.m in Sources */ = {isa = PBXBuildFile; fileRef = 2C2ACAD71D194ED100320086 /* MainViewController.m */; };
		2C2ACADB1D1A57A700320086 /* AdvertisementView.m in Sources */ = {isa = PBXBuildFile; fileRef = 2C2ACADA1D1A57A700320086 /* AdvertisementView.m */; };
		2C3724101D21305800AA0945 /* NSObject+AdvertisementView.m in Sources */ = {isa = PBXBuildFile; fileRef = 2C37240F1D21305800AA0945 /* NSObject+AdvertisementView.m */; };
		2CDCDC6A1D2A127A00F636EC /* HYBNetworking.m in Sources */ = {isa = PBXBuildFile; fileRef = 2CDCDC691D2A127A00F636EC /* HYBNetworking.m */; };
		E08A755EB156C79AE4B17315 /* libPods-BaseAppStruct.a in Frameworks */ = {isa = PBXBuildFile; fileRef = BEEA440E7E3119120068353F /* libPods-BaseAppStruct.a */; };
/* End PBXBuildFile section */

/* Begin PBXContainerItemProxy section */
		2C2ACAA11D191D0900320086 /* PBXContainerItemProxy */ = {
			isa = PBXContainerItemProxy;
			containerPortal = 2C2ACA7F1D191D0900320086 /* Project object */;
			proxyType = 1;
			remoteGlobalIDString = 2C2ACA861D191D0900320086;
			remoteInfo = BaseAppStruct;
		};
		2C2ACAAC1D191D0900320086 /* PBXContainerItemProxy */ = {
			isa = PBXContainerItemProxy;
			containerPortal = 2C2ACA7F1D191D0900320086 /* Project object */;
			proxyType = 1;
			remoteGlobalIDString = 2C2ACA861D191D0900320086;
			remoteInfo = BaseAppStruct;
		};
/* End PBXContainerItemProxy section */

/* Begin PBXFileReference section */
		2C2ACA871D191D0900320086 /* BaseAppStruct.app */ = {isa = PBXFileReference; explicitFileType = wrapper.application; includeInIndex = 0; path = BaseAppStruct.app; sourceTree = BUILT_PRODUCTS_DIR; };
		2C2ACA8B1D191D0900320086 /* main.m */ = {isa = PBXFileReference; lastKnownFileType = sourcecode.c.objc; path = main.m; sourceTree = "<group>"; };
		2C2ACA8D1D191D0900320086 /* AppDelegate.h */ = {isa = PBXFileReference; lastKnownFileType = sourcecode.c.h; path = AppDelegate.h; sourceTree = "<group>"; };
		2C2ACA8E1D191D0900320086 /* AppDelegate.m */ = {isa = PBXFileReference; lastKnownFileType = sourcecode.c.objc; path = AppDelegate.m; sourceTree = "<group>"; };
		2C2ACA961D191D0900320086 /* Assets.xcassets */ = {isa = PBXFileReference; lastKnownFileType = folder.assetcatalog; path = Assets.xcassets; sourceTree = "<group>"; };
		2C2ACA991D191D0900320086 /* Base */ = {isa = PBXFileReference; lastKnownFileType = file.storyboard; name = Base; path = Base.lproj/LaunchScreen.storyboard; sourceTree = "<group>"; };
		2C2ACA9B1D191D0900320086 /* Info.plist */ = {isa = PBXFileReference; lastKnownFileType = text.plist.xml; path = Info.plist; sourceTree = "<group>"; };
		2C2ACAA01D191D0900320086 /* BaseAppStructTests.xctest */ = {isa = PBXFileReference; explicitFileType = wrapper.cfbundle; includeInIndex = 0; path = BaseAppStructTests.xctest; sourceTree = BUILT_PRODUCTS_DIR; };
		2C2ACAA41D191D0900320086 /* BaseAppStructTests.m */ = {isa = PBXFileReference; lastKnownFileType = sourcecode.c.objc; path = BaseAppStructTests.m; sourceTree = "<group>"; };
		2C2ACAA61D191D0900320086 /* Info.plist */ = {isa = PBXFileReference; lastKnownFileType = text.plist.xml; path = Info.plist; sourceTree = "<group>"; };
		2C2ACAAB1D191D0900320086 /* BaseAppStructUITests.xctest */ = {isa = PBXFileReference; explicitFileType = wrapper.cfbundle; includeInIndex = 0; path = BaseAppStructUITests.xctest; sourceTree = BUILT_PRODUCTS_DIR; };
		2C2ACAAF1D191D0900320086 /* BaseAppStructUITests.m */ = {isa = PBXFileReference; lastKnownFileType = sourcecode.c.objc; path = BaseAppStructUITests.m; sourceTree = "<group>"; };
		2C2ACAB11D191D0900320086 /* Info.plist */ = {isa = PBXFileReference; lastKnownFileType = text.plist.xml; path = Info.plist; sourceTree = "<group>"; };
		2C2ACACB1D19387500320086 /* BaseNetworkAPI.h */ = {isa = PBXFileReference; fileEncoding = 4; lastKnownFileType = sourcecode.c.h; path = BaseNetworkAPI.h; sourceTree = "<group>"; };
		2C2ACACC1D19387500320086 /* BaseNetworkAPI.m */ = {isa = PBXFileReference; fileEncoding = 4; lastKnownFileType = sourcecode.c.objc; path = BaseNetworkAPI.m; sourceTree = "<group>"; };
		2C2ACAD01D193D2000320086 /* NSObject+Common.h */ = {isa = PBXFileReference; fileEncoding = 4; lastKnownFileType = sourcecode.c.h; path = "NSObject+Common.h"; sourceTree = "<group>"; };
		2C2ACAD11D193D2000320086 /* NSObject+Common.m */ = {isa = PBXFileReference; fileEncoding = 4; lastKnownFileType = sourcecode.c.objc; path = "NSObject+Common.m"; sourceTree = "<group>"; };
		2C2ACAD41D193E7900320086 /* Definations.h */ = {isa = PBXFileReference; fileEncoding = 4; lastKnownFileType = sourcecode.c.h; path = Definations.h; sourceTree = "<group>"; };
		2C2ACAD51D193E9E00320086 /* Configer.pch */ = {isa = PBXFileReference; lastKnownFileType = sourcecode.c.h; path = Configer.pch; sourceTree = "<group>"; };
		2C2ACAD61D194ED100320086 /* MainViewController.h */ = {isa = PBXFileReference; fileEncoding = 4; lastKnownFileType = sourcecode.c.h; path = MainViewController.h; sourceTree = "<group>"; };
		2C2ACAD71D194ED100320086 /* MainViewController.m */ = {isa = PBXFileReference; fileEncoding = 4; lastKnownFileType = sourcecode.c.objc; path = MainViewController.m; sourceTree = "<group>"; };
		2C2ACAD91D1A57A700320086 /* AdvertisementView.h */ = {isa = PBXFileReference; fileEncoding = 4; lastKnownFileType = sourcecode.c.h; path = AdvertisementView.h; sourceTree = "<group>"; };
		2C2ACADA1D1A57A700320086 /* AdvertisementView.m */ = {isa = PBXFileReference; fileEncoding = 4; lastKnownFileType = sourcecode.c.objc; path = AdvertisementView.m; sourceTree = "<group>"; };
		2C37240E1D21305800AA0945 /* NSObject+AdvertisementView.h */ = {isa = PBXFileReference; fileEncoding = 4; lastKnownFileType = sourcecode.c.h; path = "NSObject+AdvertisementView.h"; sourceTree = "<group>"; };
		2C37240F1D21305800AA0945 /* NSObject+AdvertisementView.m */ = {isa = PBXFileReference; fileEncoding = 4; lastKnownFileType = sourcecode.c.objc; path = "NSObject+AdvertisementView.m"; sourceTree = "<group>"; };
		2CDCDC681D2A127A00F636EC /* HYBNetworking.h */ = {isa = PBXFileReference; fileEncoding = 4; lastKnownFileType = sourcecode.c.h; path = HYBNetworking.h; sourceTree = "<group>"; };
		2CDCDC691D2A127A00F636EC /* HYBNetworking.m */ = {isa = PBXFileReference; fileEncoding = 4; lastKnownFileType = sourcecode.c.objc; path = HYBNetworking.m; sourceTree = "<group>"; };
		62B7D2A87D408762986A7529 /* Pods-BaseAppStruct.debug.xcconfig */ = {isa = PBXFileReference; includeInIndex = 1; lastKnownFileType = text.xcconfig; name = "Pods-BaseAppStruct.debug.xcconfig"; path = "Pods/Target Support Files/Pods-BaseAppStruct/Pods-BaseAppStruct.debug.xcconfig"; sourceTree = "<group>"; };
		8ED55B3A7F21DD88C1A230F3 /* Pods-BaseAppStruct.release.xcconfig */ = {isa = PBXFileReference; includeInIndex = 1; lastKnownFileType = text.xcconfig; name = "Pods-BaseAppStruct.release.xcconfig"; path = "Pods/Target Support Files/Pods-BaseAppStruct/Pods-BaseAppStruct.release.xcconfig"; sourceTree = "<group>"; };
		BEEA440E7E3119120068353F /* libPods-BaseAppStruct.a */ = {isa = PBXFileReference; explicitFileType = archive.ar; includeInIndex = 0; path = "libPods-BaseAppStruct.a"; sourceTree = BUILT_PRODUCTS_DIR; };
/* End PBXFileReference section */

/* Begin PBXFrameworksBuildPhase section */
		2C2ACA841D191D0900320086 /* Frameworks */ = {
			isa = PBXFrameworksBuildPhase;
			buildActionMask = 2147483647;
			files = (
				E08A755EB156C79AE4B17315 /* libPods-BaseAppStruct.a in Frameworks */,
			);
			runOnlyForDeploymentPostprocessing = 0;
		};
		2C2ACA9D1D191D0900320086 /* Frameworks */ = {
			isa = PBXFrameworksBuildPhase;
			buildActionMask = 2147483647;
			files = (
			);
			runOnlyForDeploymentPostprocessing = 0;
		};
		2C2ACAA81D191D0900320086 /* Frameworks */ = {
			isa = PBXFrameworksBuildPhase;
			buildActionMask = 2147483647;
			files = (
			);
			runOnlyForDeploymentPostprocessing = 0;
		};
/* End PBXFrameworksBuildPhase section */

/* Begin PBXGroup section */
		2C2ACA7E1D191D0900320086 = {
			isa = PBXGroup;
			children = (
				2C2ACA891D191D0900320086 /* BaseAppStruct */,
				2C2ACAA31D191D0900320086 /* BaseAppStructTests */,
				2C2ACAAE1D191D0900320086 /* BaseAppStructUITests */,
				2C2ACA881D191D0900320086 /* Products */,
				4D0FB379C655AEBD6B58D9CD /* Pods */,
				DE84FF4062A43531F9563435 /* Frameworks */,
			);
			sourceTree = "<group>";
		};
		2C2ACA881D191D0900320086 /* Products */ = {
			isa = PBXGroup;
			children = (
				2C2ACA871D191D0900320086 /* BaseAppStruct.app */,
				2C2ACAA01D191D0900320086 /* BaseAppStructTests.xctest */,
				2C2ACAAB1D191D0900320086 /* BaseAppStructUITests.xctest */,
			);
			name = Products;
			sourceTree = "<group>";
		};
		2C2ACA891D191D0900320086 /* BaseAppStruct */ = {
			isa = PBXGroup;
			children = (
				2C2ACAC51D19383300320086 /* Handler */,
				2C2ACA8D1D191D0900320086 /* AppDelegate.h */,
				2C2ACA8E1D191D0900320086 /* AppDelegate.m */,
				2C2ACAD61D194ED100320086 /* MainViewController.h */,
				2C2ACAD71D194ED100320086 /* MainViewController.m */,
				2C2ACA961D191D0900320086 /* Assets.xcassets */,
				2C2ACA981D191D0900320086 /* LaunchScreen.storyboard */,
				2C2ACA9B1D191D0900320086 /* Info.plist */,
				2C2ACA8A1D191D0900320086 /* Supporting Files */,
			);
			path = BaseAppStruct;
			sourceTree = "<group>";
		};
		2C2ACA8A1D191D0900320086 /* Supporting Files */ = {
			isa = PBXGroup;
			children = (
				2C2ACA8B1D191D0900320086 /* main.m */,
			);
			name = "Supporting Files";
			sourceTree = "<group>";
		};
		2C2ACAA31D191D0900320086 /* BaseAppStructTests */ = {
			isa = PBXGroup;
			children = (
				2C2ACAA41D191D0900320086 /* BaseAppStructTests.m */,
				2C2ACAA61D191D0900320086 /* Info.plist */,
			);
			path = BaseAppStructTests;
			sourceTree = "<group>";
		};
		2C2ACAAE1D191D0900320086 /* BaseAppStructUITests */ = {
			isa = PBXGroup;
			children = (
				2C2ACAAF1D191D0900320086 /* BaseAppStructUITests.m */,
				2C2ACAB11D191D0900320086 /* Info.plist */,
			);
			path = BaseAppStructUITests;
			sourceTree = "<group>";
		};
		2C2ACAC51D19383300320086 /* Handler */ = {
			isa = PBXGroup;
			children = (
				2C2ACAD31D193E3800320086 /* Configer */,
				2C2ACACF1D193D1600320086 /* Category */,
				2C2ACAC61D19383300320086 /* Advertisment */,
				2C2ACAC71D19383300320086 /* NetWork */,
			);
			path = Handler;
			sourceTree = "<group>";
		};
		2C2ACAC61D19383300320086 /* Advertisment */ = {
			isa = PBXGroup;
			children = (
				2C2ACAD91D1A57A700320086 /* AdvertisementView.h */,
				2C2ACADA1D1A57A700320086 /* AdvertisementView.m */,
				2C37240E1D21305800AA0945 /* NSObject+AdvertisementView.h */,
				2C37240F1D21305800AA0945 /* NSObject+AdvertisementView.m */,
			);
			path = Advertisment;
			sourceTree = "<group>";
		};
		2C2ACAC71D19383300320086 /* NetWork */ = {
			isa = PBXGroup;
			children = (
				2CDCDC671D2A127A00F636EC /* HYBNetworking */,
				2C2ACACB1D19387500320086 /* BaseNetworkAPI.h */,
				2C2ACACC1D19387500320086 /* BaseNetworkAPI.m */,
			);
			path = NetWork;
			sourceTree = "<group>";
		};
		2C2ACACF1D193D1600320086 /* Category */ = {
			isa = PBXGroup;
			children = (
				2C2ACAD01D193D2000320086 /* NSObject+Common.h */,
				2C2ACAD11D193D2000320086 /* NSObject+Common.m */,
			);
			path = Category;
			sourceTree = "<group>";
		};
		2C2ACAD31D193E3800320086 /* Configer */ = {
			isa = PBXGroup;
			children = (
				2C2ACAD41D193E7900320086 /* Definations.h */,
				2C2ACAD51D193E9E00320086 /* Configer.pch */,
			);
			path = Configer;
			sourceTree = "<group>";
		};
		2CDCDC671D2A127A00F636EC /* HYBNetworking */ = {
			isa = PBXGroup;
			children = (
				2CDCDC681D2A127A00F636EC /* HYBNetworking.h */,
				2CDCDC691D2A127A00F636EC /* HYBNetworking.m */,
			);
			path = HYBNetworking;
			sourceTree = "<group>";
		};
		4D0FB379C655AEBD6B58D9CD /* Pods */ = {
			isa = PBXGroup;
			children = (
				62B7D2A87D408762986A7529 /* Pods-BaseAppStruct.debug.xcconfig */,
				8ED55B3A7F21DD88C1A230F3 /* Pods-BaseAppStruct.release.xcconfig */,
			);
			name = Pods;
			sourceTree = "<group>";
		};
		DE84FF4062A43531F9563435 /* Frameworks */ = {
			isa = PBXGroup;
			children = (
				BEEA440E7E3119120068353F /* libPods-BaseAppStruct.a */,
			);
			name = Frameworks;
			sourceTree = "<group>";
		};
/* End PBXGroup section */

/* Begin PBXNativeTarget section */
		2C2ACA861D191D0900320086 /* BaseAppStruct */ = {
			isa = PBXNativeTarget;
			buildConfigurationList = 2C2ACAB41D191D0900320086 /* Build configuration list for PBXNativeTarget "BaseAppStruct" */;
			buildPhases = (
				7AD354E68EA5046F5A0FDAD0 /* Check Pods Manifest.lock */,
				2C2ACA831D191D0900320086 /* Sources */,
				2C2ACA841D191D0900320086 /* Frameworks */,
				2C2ACA851D191D0900320086 /* Resources */,
				F9EE090D035A19E868B9F38A /* Embed Pods Frameworks */,
				DF1EF417FD83C25B1E7AD5E7 /* Copy Pods Resources */,
			);
			buildRules = (
			);
			dependencies = (
			);
			name = BaseAppStruct;
			productName = BaseAppStruct;
			productReference = 2C2ACA871D191D0900320086 /* BaseAppStruct.app */;
			productType = "com.apple.product-type.application";
		};
		2C2ACA9F1D191D0900320086 /* BaseAppStructTests */ = {
			isa = PBXNativeTarget;
			buildConfigurationList = 2C2ACAB71D191D0900320086 /* Build configuration list for PBXNativeTarget "BaseAppStructTests" */;
			buildPhases = (
				2C2ACA9C1D191D0900320086 /* Sources */,
				2C2ACA9D1D191D0900320086 /* Frameworks */,
				2C2ACA9E1D191D0900320086 /* Resources */,
			);
			buildRules = (
			);
			dependencies = (
				2C2ACAA21D191D0900320086 /* PBXTargetDependency */,
			);
			name = BaseAppStructTests;
			productName = BaseAppStructTests;
			productReference = 2C2ACAA01D191D0900320086 /* BaseAppStructTests.xctest */;
			productType = "com.apple.product-type.bundle.unit-test";
		};
		2C2ACAAA1D191D0900320086 /* BaseAppStructUITests */ = {
			isa = PBXNativeTarget;
			buildConfigurationList = 2C2ACABA1D191D0900320086 /* Build configuration list for PBXNativeTarget "BaseAppStructUITests" */;
			buildPhases = (
				2C2ACAA71D191D0900320086 /* Sources */,
				2C2ACAA81D191D0900320086 /* Frameworks */,
				2C2ACAA91D191D0900320086 /* Resources */,
			);
			buildRules = (
			);
			dependencies = (
				2C2ACAAD1D191D0900320086 /* PBXTargetDependency */,
			);
			name = BaseAppStructUITests;
			productName = BaseAppStructUITests;
			productReference = 2C2ACAAB1D191D0900320086 /* BaseAppStructUITests.xctest */;
			productType = "com.apple.product-type.bundle.ui-testing";
		};
/* End PBXNativeTarget section */

/* Begin PBXProject section */
		2C2ACA7F1D191D0900320086 /* Project object */ = {
			isa = PBXProject;
			attributes = {
				LastUpgradeCheck = 0730;
				ORGANIZATIONNAME = Havi;
				TargetAttributes = {
					2C2ACA861D191D0900320086 = {
						CreatedOnToolsVersion = 7.3;
						DevelopmentTeam = CF99UB3L46;
					};
					2C2ACA9F1D191D0900320086 = {
						CreatedOnToolsVersion = 7.3;
						TestTargetID = 2C2ACA861D191D0900320086;
					};
					2C2ACAAA1D191D0900320086 = {
						CreatedOnToolsVersion = 7.3;
						TestTargetID = 2C2ACA861D191D0900320086;
					};
				};
			};
			buildConfigurationList = 2C2ACA821D191D0900320086 /* Build configuration list for PBXProject "BaseAppStruct" */;
			compatibilityVersion = "Xcode 3.2";
			developmentRegion = English;
			hasScannedForEncodings = 0;
			knownRegions = (
				en,
				Base,
			);
			mainGroup = 2C2ACA7E1D191D0900320086;
			productRefGroup = 2C2ACA881D191D0900320086 /* Products */;
			projectDirPath = "";
			projectRoot = "";
			targets = (
				2C2ACA861D191D0900320086 /* BaseAppStruct */,
				2C2ACA9F1D191D0900320086 /* BaseAppStructTests */,
				2C2ACAAA1D191D0900320086 /* BaseAppStructUITests */,
			);
		};
/* End PBXProject section */

/* Begin PBXResourcesBuildPhase section */
		2C2ACA851D191D0900320086 /* Resources */ = {
			isa = PBXResourcesBuildPhase;
			buildActionMask = 2147483647;
			files = (
				2C2ACA9A1D191D0900320086 /* LaunchScreen.storyboard in Resources */,
				2C2ACA971D191D0900320086 /* Assets.xcassets in Resources */,
			);
			runOnlyForDeploymentPostprocessing = 0;
		};
		2C2ACA9E1D191D0900320086 /* Resources */ = {
			isa = PBXResourcesBuildPhase;
			buildActionMask = 2147483647;
			files = (
			);
			runOnlyForDeploymentPostprocessing = 0;
		};
		2C2ACAA91D191D0900320086 /* Resources */ = {
			isa = PBXResourcesBuildPhase;
			buildActionMask = 2147483647;
			files = (
			);
			runOnlyForDeploymentPostprocessing = 0;
		};
/* End PBXResourcesBuildPhase section */

/* Begin PBXShellScriptBuildPhase section */
		7AD354E68EA5046F5A0FDAD0 /* Check Pods Manifest.lock */ = {
			isa = PBXShellScriptBuildPhase;
			buildActionMask = 2147483647;
			files = (
			);
			inputPaths = (
			);
			name = "Check Pods Manifest.lock";
			outputPaths = (
			);
			runOnlyForDeploymentPostprocessing = 0;
			shellPath = /bin/sh;
			shellScript = "diff \"${PODS_ROOT}/../Podfile.lock\" \"${PODS_ROOT}/Manifest.lock\" > /dev/null\nif [[ $? != 0 ]] ; then\n    cat << EOM\nerror: The sandbox is not in sync with the Podfile.lock. Run 'pod install' or update your CocoaPods installation.\nEOM\n    exit 1\nfi\n";
			showEnvVarsInLog = 0;
		};
		DF1EF417FD83C25B1E7AD5E7 /* Copy Pods Resources */ = {
			isa = PBXShellScriptBuildPhase;
			buildActionMask = 2147483647;
			files = (
			);
			inputPaths = (
			);
			name = "Copy Pods Resources";
			outputPaths = (
			);
			runOnlyForDeploymentPostprocessing = 0;
			shellPath = /bin/sh;
			shellScript = "\"${SRCROOT}/Pods/Target Support Files/Pods-BaseAppStruct/Pods-BaseAppStruct-resources.sh\"\n";
			showEnvVarsInLog = 0;
		};
		F9EE090D035A19E868B9F38A /* Embed Pods Frameworks */ = {
			isa = PBXShellScriptBuildPhase;
			buildActionMask = 2147483647;
			files = (
			);
			inputPaths = (
			);
			name = "Embed Pods Frameworks";
			outputPaths = (
			);
			runOnlyForDeploymentPostprocessing = 0;
			shellPath = /bin/sh;
			shellScript = "\"${SRCROOT}/Pods/Target Support Files/Pods-BaseAppStruct/Pods-BaseAppStruct-frameworks.sh\"\n";
			showEnvVarsInLog = 0;
		};
/* End PBXShellScriptBuildPhase section */

/* Begin PBXSourcesBuildPhase section */
		2C2ACA831D191D0900320086 /* Sources */ = {
			isa = PBXSourcesBuildPhase;
			buildActionMask = 2147483647;
			files = (
				2C3724101D21305800AA0945 /* NSObject+AdvertisementView.m in Sources */,
				2C2ACAD21D193D2000320086 /* NSObject+Common.m in Sources */,
				2C2ACA8F1D191D0900320086 /* AppDelegate.m in Sources */,
				2C2ACACD1D19387500320086 /* BaseNetworkAPI.m in Sources */,
				2C2ACAD81D194ED100320086 /* MainViewController.m in Sources */,
				2CDCDC6A1D2A127A00F636EC /* HYBNetworking.m in Sources */,
				2C2ACADB1D1A57A700320086 /* AdvertisementView.m in Sources */,
				2C2ACA8C1D191D0900320086 /* main.m in Sources */,
			);
			runOnlyForDeploymentPostprocessing = 0;
		};
		2C2ACA9C1D191D0900320086 /* Sources */ = {
			isa = PBXSourcesBuildPhase;
			buildActionMask = 2147483647;
			files = (
				2C2ACAA51D191D0900320086 /* BaseAppStructTests.m in Sources */,
			);
			runOnlyForDeploymentPostprocessing = 0;
		};
		2C2ACAA71D191D0900320086 /* Sources */ = {
			isa = PBXSourcesBuildPhase;
			buildActionMask = 2147483647;
			files = (
				2C2ACAB01D191D0900320086 /* BaseAppStructUITests.m in Sources */,
			);
			runOnlyForDeploymentPostprocessing = 0;
		};
/* End PBXSourcesBuildPhase section */

/* Begin PBXTargetDependency section */
		2C2ACAA21D191D0900320086 /* PBXTargetDependency */ = {
			isa = PBXTargetDependency;
			target = 2C2ACA861D191D0900320086 /* BaseAppStruct */;
			targetProxy = 2C2ACAA11D191D0900320086 /* PBXContainerItemProxy */;
		};
		2C2ACAAD1D191D0900320086 /* PBXTargetDependency */ = {
			isa = PBXTargetDependency;
			target = 2C2ACA861D191D0900320086 /* BaseAppStruct */;
			targetProxy = 2C2ACAAC1D191D0900320086 /* PBXContainerItemProxy */;
		};
/* End PBXTargetDependency section */

/* Begin PBXVariantGroup section */
		2C2ACA981D191D0900320086 /* LaunchScreen.storyboard */ = {
			isa = PBXVariantGroup;
			children = (
				2C2ACA991D191D0900320086 /* Base */,
			);
			name = LaunchScreen.storyboard;
			sourceTree = "<group>";
		};
/* End PBXVariantGroup section */

/* Begin XCBuildConfiguration section */
		2C2ACAB21D191D0900320086 /* Debug */ = {
			isa = XCBuildConfiguration;
			buildSettings = {
				ALWAYS_SEARCH_USER_PATHS = NO;
				CLANG_ANALYZER_NONNULL = YES;
				CLANG_CXX_LANGUAGE_STANDARD = "gnu++0x";
				CLANG_CXX_LIBRARY = "libc++";
				CLANG_ENABLE_MODULES = YES;
				CLANG_ENABLE_OBJC_ARC = YES;
				CLANG_WARN_BOOL_CONVERSION = YES;
				CLANG_WARN_CONSTANT_CONVERSION = YES;
				CLANG_WARN_DIRECT_OBJC_ISA_USAGE = YES_ERROR;
				CLANG_WARN_EMPTY_BODY = YES;
				CLANG_WARN_ENUM_CONVERSION = YES;
				CLANG_WARN_INT_CONVERSION = YES;
				CLANG_WARN_OBJC_ROOT_CLASS = YES_ERROR;
				CLANG_WARN_UNREACHABLE_CODE = YES;
				CLANG_WARN__DUPLICATE_METHOD_MATCH = YES;
				"CODE_SIGN_IDENTITY[sdk=iphoneos*]" = "iPhone Developer";
				COPY_PHASE_STRIP = NO;
				DEBUG_INFORMATION_FORMAT = dwarf;
				ENABLE_STRICT_OBJC_MSGSEND = YES;
				ENABLE_TESTABILITY = YES;
				GCC_C_LANGUAGE_STANDARD = gnu99;
				GCC_DYNAMIC_NO_PIC = NO;
				GCC_NO_COMMON_BLOCKS = YES;
				GCC_OPTIMIZATION_LEVEL = 0;
				GCC_PREPROCESSOR_DEFINITIONS = (
					"DEBUG=1",
					"$(inherited)",
				);
				GCC_WARN_64_TO_32_BIT_CONVERSION = YES;
				GCC_WARN_ABOUT_RETURN_TYPE = YES_ERROR;
				GCC_WARN_UNDECLARED_SELECTOR = YES;
				GCC_WARN_UNINITIALIZED_AUTOS = YES_AGGRESSIVE;
				GCC_WARN_UNUSED_FUNCTION = YES;
				GCC_WARN_UNUSED_VARIABLE = YES;
				IPHONEOS_DEPLOYMENT_TARGET = 9.3;
				MTL_ENABLE_DEBUG_INFO = YES;
				ONLY_ACTIVE_ARCH = YES;
				PROVISIONING_PROFILE = "ac7d390d-1e06-482a-84fa-0a7f31ec458d";
				SDKROOT = iphoneos;
			};
			name = Debug;
		};
		2C2ACAB31D191D0900320086 /* Release */ = {
			isa = XCBuildConfiguration;
			buildSettings = {
				ALWAYS_SEARCH_USER_PATHS = NO;
				CLANG_ANALYZER_NONNULL = YES;
				CLANG_CXX_LANGUAGE_STANDARD = "gnu++0x";
				CLANG_CXX_LIBRARY = "libc++";
				CLANG_ENABLE_MODULES = YES;
				CLANG_ENABLE_OBJC_ARC = YES;
				CLANG_WARN_BOOL_CONVERSION = YES;
				CLANG_WARN_CONSTANT_CONVERSION = YES;
				CLANG_WARN_DIRECT_OBJC_ISA_USAGE = YES_ERROR;
				CLANG_WARN_EMPTY_BODY = YES;
				CLANG_WARN_ENUM_CONVERSION = YES;
				CLANG_WARN_INT_CONVERSION = YES;
				CLANG_WARN_OBJC_ROOT_CLASS = YES_ERROR;
				CLANG_WARN_UNREACHABLE_CODE = YES;
				CLANG_WARN__DUPLICATE_METHOD_MATCH = YES;
				"CODE_SIGN_IDENTITY[sdk=iphoneos*]" = "iPhone Distribution: ihotkeys Co., Ltd";
				COPY_PHASE_STRIP = NO;
				DEBUG_INFORMATION_FORMAT = "dwarf-with-dsym";
				ENABLE_NS_ASSERTIONS = NO;
				ENABLE_STRICT_OBJC_MSGSEND = YES;
				GCC_C_LANGUAGE_STANDARD = gnu99;
				GCC_NO_COMMON_BLOCKS = YES;
				GCC_WARN_64_TO_32_BIT_CONVERSION = YES;
				GCC_WARN_ABOUT_RETURN_TYPE = YES_ERROR;
				GCC_WARN_UNDECLARED_SELECTOR = YES;
				GCC_WARN_UNINITIALIZED_AUTOS = YES_AGGRESSIVE;
				GCC_WARN_UNUSED_FUNCTION = YES;
				GCC_WARN_UNUSED_VARIABLE = YES;
				IPHONEOS_DEPLOYMENT_TARGET = 9.3;
				MTL_ENABLE_DEBUG_INFO = NO;
				PROVISIONING_PROFILE = "ac7d390d-1e06-482a-84fa-0a7f31ec458d";
				SDKROOT = iphoneos;
				VALIDATE_PRODUCT = YES;
			};
			name = Release;
		};
		2C2ACAB51D191D0900320086 /* Debug */ = {
			isa = XCBuildConfiguration;
			baseConfigurationReference = 62B7D2A87D408762986A7529 /* Pods-BaseAppStruct.debug.xcconfig */;
			buildSettings = {
				ASSETCATALOG_COMPILER_APPICON_NAME = AppIcon;
				CODE_SIGN_IDENTITY = "iPhone Developer";
				"CODE_SIGN_IDENTITY[sdk=iphoneos*]" = "iPhone Developer: dai wengai (K5K86ZWE67)";
				GCC_PREFIX_HEADER = "$(SRCROOT)/BaseAppStruct/Handler/Configer/Configer.pch";
				INFOPLIST_FILE = BaseAppStruct/Info.plist;
				IPHONEOS_DEPLOYMENT_TARGET = 8.0;
				LD_RUNPATH_SEARCH_PATHS = "$(inherited) @executable_path/Frameworks";
				PRODUCT_BUNDLE_IDENTIFIER = com.ihotkeys.ihotkeys;
				PRODUCT_NAME = "$(TARGET_NAME)";
				PROVISIONING_PROFILE = "ac7d390d-1e06-482a-84fa-0a7f31ec458d";
			};
			name = Debug;
		};
		2C2ACAB61D191D0900320086 /* Release */ = {
			isa = XCBuildConfiguration;
			baseConfigurationReference = 8ED55B3A7F21DD88C1A230F3 /* Pods-BaseAppStruct.release.xcconfig */;
			buildSettings = {
				ASSETCATALOG_COMPILER_APPICON_NAME = AppIcon;
				CODE_SIGN_IDENTITY = "iPhone Developer";
				"CODE_SIGN_IDENTITY[sdk=iphoneos*]" = "iPhone Distribution: ihotkeys Co., Ltd";
				GCC_PREFIX_HEADER = "$(SRCROOT)/BaseAppStruct/Handler/Configer/Configer.pch";
				INFOPLIST_FILE = BaseAppStruct/Info.plist;
				IPHONEOS_DEPLOYMENT_TARGET = 8.0;
				LD_RUNPATH_SEARCH_PATHS = "$(inherited) @executable_path/Frameworks";
				PRODUCT_BUNDLE_IDENTIFIER = com.ihotkeys.ihotkeys;
				PRODUCT_NAME = "$(TARGET_NAME)";
				PROVISIONING_PROFILE = "ac7d390d-1e06-482a-84fa-0a7f31ec458d";
			};
			name = Release;
		};
		2C2ACAB81D191D0900320086 /* Debug */ = {
			isa = XCBuildConfiguration;
			buildSettings = {
				BUNDLE_LOADER = "$(TEST_HOST)";
				INFOPLIST_FILE = BaseAppStructTests/Info.plist;
				LD_RUNPATH_SEARCH_PATHS = "$(inherited) @executable_path/Frameworks @loader_path/Frameworks";
				PRODUCT_BUNDLE_IDENTIFIER = Havi.BaseAppStructTests;
				PRODUCT_NAME = "$(TARGET_NAME)";
				TEST_HOST = "$(BUILT_PRODUCTS_DIR)/BaseAppStruct.app/BaseAppStruct";
			};
			name = Debug;
		};
		2C2ACAB91D191D0900320086 /* Release */ = {
			isa = XCBuildConfiguration;
			buildSettings = {
				BUNDLE_LOADER = "$(TEST_HOST)";
				INFOPLIST_FILE = BaseAppStructTests/Info.plist;
				LD_RUNPATH_SEARCH_PATHS = "$(inherited) @executable_path/Frameworks @loader_path/Frameworks";
				PRODUCT_BUNDLE_IDENTIFIER = Havi.BaseAppStructTests;
				PRODUCT_NAME = "$(TARGET_NAME)";
				TEST_HOST = "$(BUILT_PRODUCTS_DIR)/BaseAppStruct.app/BaseAppStruct";
			};
			name = Release;
		};
		2C2ACABB1D191D0900320086 /* Debug */ = {
			isa = XCBuildConfiguration;
			buildSettings = {
				INFOPLIST_FILE = BaseAppStructUITests/Info.plist;
				LD_RUNPATH_SEARCH_PATHS = "$(inherited) @executable_path/Frameworks @loader_path/Frameworks";
				PRODUCT_BUNDLE_IDENTIFIER = Havi.BaseAppStructUITests;
				PRODUCT_NAME = "$(TARGET_NAME)";
				TEST_TARGET_NAME = BaseAppStruct;
			};
			name = Debug;
		};
		2C2ACABC1D191D0900320086 /* Release */ = {
			isa = XCBuildConfiguration;
			buildSettings = {
				INFOPLIST_FILE = BaseAppStructUITests/Info.plist;
				LD_RUNPATH_SEARCH_PATHS = "$(inherited) @executable_path/Frameworks @loader_path/Frameworks";
				PRODUCT_BUNDLE_IDENTIFIER = Havi.BaseAppStructUITests;
				PRODUCT_NAME = "$(TARGET_NAME)";
				TEST_TARGET_NAME = BaseAppStruct;
			};
			name = Release;
		};
/* End XCBuildConfiguration section */

/* Begin XCConfigurationList section */
		2C2ACA821D191D0900320086 /* Build configuration list for PBXProject "BaseAppStruct" */ = {
			isa = XCConfigurationList;
			buildConfigurations = (
				2C2ACAB21D191D0900320086 /* Debug */,
				2C2ACAB31D191D0900320086 /* Release */,
			);
			defaultConfigurationIsVisible = 0;
			defaultConfigurationName = Release;
		};
		2C2ACAB41D191D0900320086 /* Build configuration list for PBXNativeTarget "BaseAppStruct" */ = {
			isa = XCConfigurationList;
			buildConfigurations = (
				2C2ACAB51D191D0900320086 /* Debug */,
				2C2ACAB61D191D0900320086 /* Release */,
			);
			defaultConfigurationIsVisible = 0;
			defaultConfigurationName = Release;
		};
		2C2ACAB71D191D0900320086 /* Build configuration list for PBXNativeTarget "BaseAppStructTests" */ = {
			isa = XCConfigurationList;
			buildConfigurations = (
				2C2ACAB81D191D0900320086 /* Debug */,
				2C2ACAB91D191D0900320086 /* Release */,
			);
			defaultConfigurationIsVisible = 0;
			defaultConfigurationName = Release;
		};
		2C2ACABA1D191D0900320086 /* Build configuration list for PBXNativeTarget "BaseAppStructUITests" */ = {
			isa = XCConfigurationList;
			buildConfigurations = (
				2C2ACABB1D191D0900320086 /* Debug */,
				2C2ACABC1D191D0900320086 /* Release */,
			);
			defaultConfigurationIsVisible = 0;
			defaultConfigurationName = Release;
		};
/* End XCConfigurationList section */
	};
	rootObject = 2C2ACA7F1D191D0900320086 /* Project object */;
}
